// !$*UTF8*$!
{
	archiveVersion = 1;
	classes = {
	};
	objectVersion = 56;
	objects = {

/* Begin PBXBuildFile section */
		09AB85F2F580920D44CA66C4 /* Pods_TimesUp.framework in Frameworks */ = {isa = PBXBuildFile; fileRef = 1DE150A7D9A767C3C35A7480 /* Pods_TimesUp.framework */; };
		CF4D83FA2C37F71000D07701 /* TimesUpApp.swift in Sources */ = {isa = PBXBuildFile; fileRef = CF4D83F92C37F71000D07701 /* TimesUpApp.swift */; };
		CF4D83FC2C37F71000D07701 /* ContentView.swift in Sources */ = {isa = PBXBuildFile; fileRef = CF4D83FB2C37F71000D07701 /* ContentView.swift */; };
		CF4D83FE2C37F71200D07701 /* Assets.xcassets in Resources */ = {isa = PBXBuildFile; fileRef = CF4D83FD2C37F71200D07701 /* Assets.xcassets */; };
		CF4D84012C37F71200D07701 /* Preview Assets.xcassets in Resources */ = {isa = PBXBuildFile; fileRef = CF4D84002C37F71200D07701 /* Preview Assets.xcassets */; };
		CF4D840E2C38F14A00D07701 /* K.swift in Sources */ = {isa = PBXBuildFile; fileRef = CF4D840D2C38F14A00D07701 /* K.swift */; };
		CF4D84102C38FE8C00D07701 /* MainContentView.swift in Sources */ = {isa = PBXBuildFile; fileRef = CF4D840F2C38FE8C00D07701 /* MainContentView.swift */; };
		CF4D84122C38FE9F00D07701 /* ListContentView.swift in Sources */ = {isa = PBXBuildFile; fileRef = CF4D84112C38FE9F00D07701 /* ListContentView.swift */; };
		CF4D84142C38FEBA00D07701 /* SettingsContentView.swift in Sources */ = {isa = PBXBuildFile; fileRef = CF4D84132C38FEBA00D07701 /* SettingsContentView.swift */; };
		CF4D84162C3A6F4600D07701 /* GIFImageView.swift in Sources */ = {isa = PBXBuildFile; fileRef = CF4D84152C3A6F4600D07701 /* GIFImageView.swift */; };
/* End PBXBuildFile section */

/* Begin PBXFileReference section */
		1DE150A7D9A767C3C35A7480 /* Pods_TimesUp.framework */ = {isa = PBXFileReference; explicitFileType = wrapper.framework; includeInIndex = 0; path = Pods_TimesUp.framework; sourceTree = BUILT_PRODUCTS_DIR; };
		3D4BD98991E35AD34CFB6A1B /* Pods-TimesUp.release.xcconfig */ = {isa = PBXFileReference; includeInIndex = 1; lastKnownFileType = text.xcconfig; name = "Pods-TimesUp.release.xcconfig"; path = "Target Support Files/Pods-TimesUp/Pods-TimesUp.release.xcconfig"; sourceTree = "<group>"; };
		C3980EEC44495731AB1DCCD1 /* Pods-TimesUp.debug.xcconfig */ = {isa = PBXFileReference; includeInIndex = 1; lastKnownFileType = text.xcconfig; name = "Pods-TimesUp.debug.xcconfig"; path = "Target Support Files/Pods-TimesUp/Pods-TimesUp.debug.xcconfig"; sourceTree = "<group>"; };
		CF4D83F62C37F71000D07701 /* TimesUp.app */ = {isa = PBXFileReference; explicitFileType = wrapper.application; includeInIndex = 0; path = TimesUp.app; sourceTree = BUILT_PRODUCTS_DIR; };
		CF4D83F92C37F71000D07701 /* TimesUpApp.swift */ = {isa = PBXFileReference; lastKnownFileType = sourcecode.swift; path = TimesUpApp.swift; sourceTree = "<group>"; };
		CF4D83FB2C37F71000D07701 /* ContentView.swift */ = {isa = PBXFileReference; lastKnownFileType = sourcecode.swift; path = ContentView.swift; sourceTree = "<group>"; };
		CF4D83FD2C37F71200D07701 /* Assets.xcassets */ = {isa = PBXFileReference; lastKnownFileType = folder.assetcatalog; path = Assets.xcassets; sourceTree = "<group>"; };
		CF4D84002C37F71200D07701 /* Preview Assets.xcassets */ = {isa = PBXFileReference; lastKnownFileType = folder.assetcatalog; path = "Preview Assets.xcassets"; sourceTree = "<group>"; };
		CF4D840D2C38F14A00D07701 /* K.swift */ = {isa = PBXFileReference; lastKnownFileType = sourcecode.swift; path = K.swift; sourceTree = "<group>"; };
		CF4D840F2C38FE8C00D07701 /* MainContentView.swift */ = {isa = PBXFileReference; lastKnownFileType = sourcecode.swift; path = MainContentView.swift; sourceTree = "<group>"; };
		CF4D84112C38FE9F00D07701 /* ListContentView.swift */ = {isa = PBXFileReference; lastKnownFileType = sourcecode.swift; path = ListContentView.swift; sourceTree = "<group>"; };
		CF4D84132C38FEBA00D07701 /* SettingsContentView.swift */ = {isa = PBXFileReference; lastKnownFileType = sourcecode.swift; path = SettingsContentView.swift; sourceTree = "<group>"; };
		CF4D84152C3A6F4600D07701 /* GIFImageView.swift */ = {isa = PBXFileReference; lastKnownFileType = sourcecode.swift; path = GIFImageView.swift; sourceTree = "<group>"; };
/* End PBXFileReference section */

/* Begin PBXFrameworksBuildPhase section */
		CF4D83F32C37F71000D07701 /* Frameworks */ = {
			isa = PBXFrameworksBuildPhase;
			buildActionMask = 2147483647;
			files = (
				09AB85F2F580920D44CA66C4 /* Pods_TimesUp.framework in Frameworks */,
			);
			runOnlyForDeploymentPostprocessing = 0;
		};
/* End PBXFrameworksBuildPhase section */

/* Begin PBXGroup section */
		7E7C8E8F4DD6B904F2A3DA28 /* Pods */ = {
			isa = PBXGroup;
			children = (
				C3980EEC44495731AB1DCCD1 /* Pods-TimesUp.debug.xcconfig */,
				3D4BD98991E35AD34CFB6A1B /* Pods-TimesUp.release.xcconfig */,
			);
			path = Pods;
			sourceTree = "<group>";
		};
		CF4D83ED2C37F71000D07701 = {
			isa = PBXGroup;
			children = (
				CF4D83F82C37F71000D07701 /* TimesUp */,
				CF4D83F72C37F71000D07701 /* Products */,
				7E7C8E8F4DD6B904F2A3DA28 /* Pods */,
				FE5891924AE92BB98B192F3D /* Frameworks */,
			);
			sourceTree = "<group>";
		};
		CF4D83F72C37F71000D07701 /* Products */ = {
			isa = PBXGroup;
			children = (
				CF4D83F62C37F71000D07701 /* TimesUp.app */,
			);
			name = Products;
			sourceTree = "<group>";
		};
		CF4D83F82C37F71000D07701 /* TimesUp */ = {
			isa = PBXGroup;
			children = (
				CF4D840C2C38F12A00D07701 /* Controllers */,
				CF4D840B2C38F12000D07701 /* Views */,
				CF4D840A2C38F11A00D07701 /* Models */,
				CF4D84092C38F11000D07701 /* Utils */,
				CF4D83F92C37F71000D07701 /* TimesUpApp.swift */,
				CF4D83FB2C37F71000D07701 /* ContentView.swift */,
				CF4D83FD2C37F71200D07701 /* Assets.xcassets */,
				CF4D83FF2C37F71200D07701 /* Preview Content */,
			);
			path = TimesUp;
			sourceTree = "<group>";
		};
		CF4D83FF2C37F71200D07701 /* Preview Content */ = {
			isa = PBXGroup;
			children = (
				CF4D84002C37F71200D07701 /* Preview Assets.xcassets */,
			);
			path = "Preview Content";
			sourceTree = "<group>";
		};
		CF4D84092C38F11000D07701 /* Utils */ = {
			isa = PBXGroup;
			children = (
				CF4D840D2C38F14A00D07701 /* K.swift */,
			);
			name = Utils;
			sourceTree = "<group>";
		};
		CF4D840A2C38F11A00D07701 /* Models */ = {
			isa = PBXGroup;
			children = (
			);
			name = Models;
			sourceTree = "<group>";
		};
		CF4D840B2C38F12000D07701 /* Views */ = {
			isa = PBXGroup;
			children = (
				CF4D840F2C38FE8C00D07701 /* MainContentView.swift */,
				CF4D84112C38FE9F00D07701 /* ListContentView.swift */,
				CF4D84132C38FEBA00D07701 /* SettingsContentView.swift */,
				CF4D84152C3A6F4600D07701 /* GIFImageView.swift */,
			);
			path = Views;
			sourceTree = "<group>";
		};
		CF4D840C2C38F12A00D07701 /* Controllers */ = {
			isa = PBXGroup;
			children = (
			);
			name = Controllers;
			sourceTree = "<group>";
		};
		FE5891924AE92BB98B192F3D /* Frameworks */ = {
			isa = PBXGroup;
			children = (
				1DE150A7D9A767C3C35A7480 /* Pods_TimesUp.framework */,
			);
			name = Frameworks;
			sourceTree = "<group>";
		};
/* End PBXGroup section */

/* Begin PBXNativeTarget section */
		CF4D83F52C37F71000D07701 /* TimesUp */ = {
			isa = PBXNativeTarget;
			buildConfigurationList = CF4D84042C37F71200D07701 /* Build configuration list for PBXNativeTarget "TimesUp" */;
			buildPhases = (
				388A6C40BEC34BA5A2102015 /* [CP] Check Pods Manifest.lock */,
				CF4D83F22C37F71000D07701 /* Sources */,
				CF4D83F32C37F71000D07701 /* Frameworks */,
				CF4D83F42C37F71000D07701 /* Resources */,
				C526CB0F50D1A80374B3CC4A /* [CP] Embed Pods Frameworks */,
			);
			buildRules = (
			);
			dependencies = (
			);
			name = TimesUp;
			productName = TimesUp;
			productReference = CF4D83F62C37F71000D07701 /* TimesUp.app */;
			productType = "com.apple.product-type.application";
		};
/* End PBXNativeTarget section */

/* Begin PBXProject section */
		CF4D83EE2C37F71000D07701 /* Project object */ = {
			isa = PBXProject;
			attributes = {
				BuildIndependentTargetsInParallel = 1;
				LastSwiftUpdateCheck = 1540;
				LastUpgradeCheck = 1540;
				TargetAttributes = {
					CF4D83F52C37F71000D07701 = {
						CreatedOnToolsVersion = 15.4;
					};
				};
			};
			buildConfigurationList = CF4D83F12C37F71000D07701 /* Build configuration list for PBXProject "TimesUp" */;
			compatibilityVersion = "Xcode 14.0";
			developmentRegion = en;
			hasScannedForEncodings = 0;
			knownRegions = (
				en,
				Base,
			);
			mainGroup = CF4D83ED2C37F71000D07701;
			productRefGroup = CF4D83F72C37F71000D07701 /* Products */;
			projectDirPath = "";
			projectRoot = "";
			targets = (
				CF4D83F52C37F71000D07701 /* TimesUp */,
			);
		};
/* End PBXProject section */

/* Begin PBXResourcesBuildPhase section */
		CF4D83F42C37F71000D07701 /* Resources */ = {
			isa = PBXResourcesBuildPhase;
			buildActionMask = 2147483647;
			files = (
				CF4D84012C37F71200D07701 /* Preview Assets.xcassets in Resources */,
				CF4D83FE2C37F71200D07701 /* Assets.xcassets in Resources */,
			);
			runOnlyForDeploymentPostprocessing = 0;
		};
/* End PBXResourcesBuildPhase section */

/* Begin PBXShellScriptBuildPhase section */
		388A6C40BEC34BA5A2102015 /* [CP] Check Pods Manifest.lock */ = {
			isa = PBXShellScriptBuildPhase;
			buildActionMask = 2147483647;
			files = (
			);
			inputFileListPaths = (
			);
			inputPaths = (
				"${PODS_PODFILE_DIR_PATH}/Podfile.lock",
				"${PODS_ROOT}/Manifest.lock",
			);
			name = "[CP] Check Pods Manifest.lock";
			outputFileListPaths = (
			);
			outputPaths = (
				"$(DERIVED_FILE_DIR)/Pods-TimesUp-checkManifestLockResult.txt",
			);
			runOnlyForDeploymentPostprocessing = 0;
			shellPath = /bin/sh;
			shellScript = "diff \"${PODS_PODFILE_DIR_PATH}/Podfile.lock\" \"${PODS_ROOT}/Manifest.lock\" > /dev/null\nif [ $? != 0 ] ; then\n    # print error to STDERR\n    echo \"error: The sandbox is not in sync with the Podfile.lock. Run 'pod install' or update your CocoaPods installation.\" >&2\n    exit 1\nfi\n# This output is used by Xcode 'outputs' to avoid re-running this script phase.\necho \"SUCCESS\" > \"${SCRIPT_OUTPUT_FILE_0}\"\n";
			showEnvVarsInLog = 0;
		};
		C526CB0F50D1A80374B3CC4A /* [CP] Embed Pods Frameworks */ = {
			isa = PBXShellScriptBuildPhase;
			buildActionMask = 2147483647;
			files = (
			);
			inputFileListPaths = (
				"${PODS_ROOT}/Target Support Files/Pods-TimesUp/Pods-TimesUp-frameworks-${CONFIGURATION}-input-files.xcfilelist",
			);
			name = "[CP] Embed Pods Frameworks";
			outputFileListPaths = (
				"${PODS_ROOT}/Target Support Files/Pods-TimesUp/Pods-TimesUp-frameworks-${CONFIGURATION}-output-files.xcfilelist",
			);
			runOnlyForDeploymentPostprocessing = 0;
			shellPath = /bin/sh;
			shellScript = "\"${PODS_ROOT}/Target Support Files/Pods-TimesUp/Pods-TimesUp-frameworks.sh\"\n";
			showEnvVarsInLog = 0;
		};
/* End PBXShellScriptBuildPhase section */

/* Begin PBXSourcesBuildPhase section */
		CF4D83F22C37F71000D07701 /* Sources */ = {
			isa = PBXSourcesBuildPhase;
			buildActionMask = 2147483647;
			files = (
				CF4D83FC2C37F71000D07701 /* ContentView.swift in Sources */,
				CF4D840E2C38F14A00D07701 /* K.swift in Sources */,
				CF4D83FA2C37F71000D07701 /* TimesUpApp.swift in Sources */,
				CF4D84142C38FEBA00D07701 /* SettingsContentView.swift in Sources */,
				CF4D84162C3A6F4600D07701 /* GIFImageView.swift in Sources */,
				CF4D84102C38FE8C00D07701 /* MainContentView.swift in Sources */,
				CF4D84122C38FE9F00D07701 /* ListContentView.swift in Sources */,
			);
			runOnlyForDeploymentPostprocessing = 0;
		};
/* End PBXSourcesBuildPhase section */

/* Begin XCBuildConfiguration section */
		CF4D84022C37F71200D07701 /* Debug */ = {
			isa = XCBuildConfiguration;
			buildSettings = {
				ALWAYS_SEARCH_USER_PATHS = NO;
				ASSETCATALOG_COMPILER_GENERATE_SWIFT_ASSET_SYMBOL_EXTENSIONS = YES;
				CLANG_ANALYZER_NONNULL = YES;
				CLANG_ANALYZER_NUMBER_OBJECT_CONVERSION = YES_AGGRESSIVE;
				CLANG_CXX_LANGUAGE_STANDARD = "gnu++20";
				CLANG_ENABLE_MODULES = YES;
				CLANG_ENABLE_OBJC_ARC = YES;
				CLANG_ENABLE_OBJC_WEAK = YES;
				CLANG_WARN_BLOCK_CAPTURE_AUTORELEASING = YES;
				CLANG_WARN_BOOL_CONVERSION = YES;
				CLANG_WARN_COMMA = YES;
				CLANG_WARN_CONSTANT_CONVERSION = YES;
				CLANG_WARN_DEPRECATED_OBJC_IMPLEMENTATIONS = YES;
				CLANG_WARN_DIRECT_OBJC_ISA_USAGE = YES_ERROR;
				CLANG_WARN_DOCUMENTATION_COMMENTS = YES;
				CLANG_WARN_EMPTY_BODY = YES;
				CLANG_WARN_ENUM_CONVERSION = YES;
				CLANG_WARN_INFINITE_RECURSION = YES;
				CLANG_WARN_INT_CONVERSION = YES;
				CLANG_WARN_NON_LITERAL_NULL_CONVERSION = YES;
				CLANG_WARN_OBJC_IMPLICIT_RETAIN_SELF = YES;
				CLANG_WARN_OBJC_LITERAL_CONVERSION = YES;
				CLANG_WARN_OBJC_ROOT_CLASS = YES_ERROR;
				CLANG_WARN_QUOTED_INCLUDE_IN_FRAMEWORK_HEADER = YES;
				CLANG_WARN_RANGE_LOOP_ANALYSIS = YES;
				CLANG_WARN_STRICT_PROTOTYPES = YES;
				CLANG_WARN_SUSPICIOUS_MOVE = YES;
				CLANG_WARN_UNGUARDED_AVAILABILITY = YES_AGGRESSIVE;
				CLANG_WARN_UNREACHABLE_CODE = YES;
				CLANG_WARN__DUPLICATE_METHOD_MATCH = YES;
				COPY_PHASE_STRIP = NO;
				DEBUG_INFORMATION_FORMAT = dwarf;
				ENABLE_STRICT_OBJC_MSGSEND = YES;
				ENABLE_TESTABILITY = YES;
				ENABLE_USER_SCRIPT_SANDBOXING = NO;
				GCC_C_LANGUAGE_STANDARD = gnu17;
				GCC_DYNAMIC_NO_PIC = NO;
				GCC_NO_COMMON_BLOCKS = YES;
				GCC_OPTIMIZATION_LEVEL = 0;
				GCC_PREPROCESSOR_DEFINITIONS = (
					"DEBUG=1",
					"$(inherited)",
				);
				GCC_WARN_64_TO_32_BIT_CONVERSION = YES;
				GCC_WARN_ABOUT_RETURN_TYPE = YES_ERROR;
				GCC_WARN_UNDECLARED_SELECTOR = YES;
				GCC_WARN_UNINITIALIZED_AUTOS = YES_AGGRESSIVE;
				GCC_WARN_UNUSED_FUNCTION = YES;
				GCC_WARN_UNUSED_VARIABLE = YES;
				IPHONEOS_DEPLOYMENT_TARGET = 17.5;
				LOCALIZATION_PREFERS_STRING_CATALOGS = YES;
				MTL_ENABLE_DEBUG_INFO = INCLUDE_SOURCE;
				MTL_FAST_MATH = YES;
				ONLY_ACTIVE_ARCH = YES;
				SDKROOT = iphoneos;
				SWIFT_ACTIVE_COMPILATION_CONDITIONS = "DEBUG $(inherited)";
				SWIFT_OPTIMIZATION_LEVEL = "-Onone";
			};
			name = Debug;
		};
		CF4D84032C37F71200D07701 /* Release */ = {
			isa = XCBuildConfiguration;
			buildSettings = {
				ALWAYS_SEARCH_USER_PATHS = NO;
				ASSETCATALOG_COMPILER_GENERATE_SWIFT_ASSET_SYMBOL_EXTENSIONS = YES;
				CLANG_ANALYZER_NONNULL = YES;
				CLANG_ANALYZER_NUMBER_OBJECT_CONVERSION = YES_AGGRESSIVE;
				CLANG_CXX_LANGUAGE_STANDARD = "gnu++20";
				CLANG_ENABLE_MODULES = YES;
				CLANG_ENABLE_OBJC_ARC = YES;
				CLANG_ENABLE_OBJC_WEAK = YES;
				CLANG_WARN_BLOCK_CAPTURE_AUTORELEASING = YES;
				CLANG_WARN_BOOL_CONVERSION = YES;
				CLANG_WARN_COMMA = YES;
				CLANG_WARN_CONSTANT_CONVERSION = YES;
				CLANG_WARN_DEPRECATED_OBJC_IMPLEMENTATIONS = YES;
				CLANG_WARN_DIRECT_OBJC_ISA_USAGE = YES_ERROR;
				CLANG_WARN_DOCUMENTATION_COMMENTS = YES;
				CLANG_WARN_EMPTY_BODY = YES;
				CLANG_WARN_ENUM_CONVERSION = YES;
				CLANG_WARN_INFINITE_RECURSION = YES;
				CLANG_WARN_INT_CONVERSION = YES;
				CLANG_WARN_NON_LITERAL_NULL_CONVERSION = YES;
				CLANG_WARN_OBJC_IMPLICIT_RETAIN_SELF = YES;
				CLANG_WARN_OBJC_LITERAL_CONVERSION = YES;
				CLANG_WARN_OBJC_ROOT_CLASS = YES_ERROR;
				CLANG_WARN_QUOTED_INCLUDE_IN_FRAMEWORK_HEADER = YES;
				CLANG_WARN_RANGE_LOOP_ANALYSIS = YES;
				CLANG_WARN_STRICT_PROTOTYPES = YES;
				CLANG_WARN_SUSPICIOUS_MOVE = YES;
				CLANG_WARN_UNGUARDED_AVAILABILITY = YES_AGGRESSIVE;
				CLANG_WARN_UNREACHABLE_CODE = YES;
				CLANG_WARN__DUPLICATE_METHOD_MATCH = YES;
				COPY_PHASE_STRIP = NO;
				DEBUG_INFORMATION_FORMAT = "dwarf-with-dsym";
				ENABLE_NS_ASSERTIONS = NO;
				ENABLE_STRICT_OBJC_MSGSEND = YES;
				ENABLE_USER_SCRIPT_SANDBOXING = NO;
				GCC_C_LANGUAGE_STANDARD = gnu17;
				GCC_NO_COMMON_BLOCKS = YES;
				GCC_WARN_64_TO_32_BIT_CONVERSION = YES;
				GCC_WARN_ABOUT_RETURN_TYPE = YES_ERROR;
				GCC_WARN_UNDECLARED_SELECTOR = YES;
				GCC_WARN_UNINITIALIZED_AUTOS = YES_AGGRESSIVE;
				GCC_WARN_UNUSED_FUNCTION = YES;
				GCC_WARN_UNUSED_VARIABLE = YES;
				IPHONEOS_DEPLOYMENT_TARGET = 17.5;
				LOCALIZATION_PREFERS_STRING_CATALOGS = YES;
				MTL_ENABLE_DEBUG_INFO = NO;
				MTL_FAST_MATH = YES;
				SDKROOT = iphoneos;
				SWIFT_COMPILATION_MODE = wholemodule;
				VALIDATE_PRODUCT = YES;
			};
			name = Release;
		};
		CF4D84052C37F71200D07701 /* Debug */ = {
			isa = XCBuildConfiguration;
			baseConfigurationReference = C3980EEC44495731AB1DCCD1 /* Pods-TimesUp.debug.xcconfig */;
			buildSettings = {
				ASSETCATALOG_COMPILER_APPICON_NAME = AppIcon;
				ASSETCATALOG_COMPILER_GLOBAL_ACCENT_COLOR_NAME = AccentColor;
				CODE_SIGN_STYLE = Automatic;
				CURRENT_PROJECT_VERSION = 1;
				DEVELOPMENT_ASSET_PATHS = "\"TimesUp/Preview Content\"";
				DEVELOPMENT_TEAM = 8883CLR38K;
				ENABLE_PREVIEWS = YES;
				GENERATE_INFOPLIST_FILE = YES;
				INFOPLIST_KEY_UIApplicationSceneManifest_Generation = YES;
				INFOPLIST_KEY_UIApplicationSupportsIndirectInputEvents = YES;
				INFOPLIST_KEY_UILaunchScreen_Generation = YES;
				INFOPLIST_KEY_UISupportedInterfaceOrientations_iPad = "UIInterfaceOrientationPortrait UIInterfaceOrientationPortraitUpsideDown UIInterfaceOrientationLandscapeLeft UIInterfaceOrientationLandscapeRight";
				INFOPLIST_KEY_UISupportedInterfaceOrientations_iPhone = "UIInterfaceOrientationPortrait UIInterfaceOrientationLandscapeLeft UIInterfaceOrientationLandscapeRight";
				LD_RUNPATH_SEARCH_PATHS = (
					"$(inherited)",
					"@executable_path/Frameworks",
				);
				MARKETING_VERSION = 1.0;
				PRODUCT_BUNDLE_IDENTIFIER = JasonBurg.TimesUp;
				PRODUCT_NAME = "$(TARGET_NAME)";
				SWIFT_EMIT_LOC_STRINGS = YES;
				SWIFT_VERSION = 5.0;
				TARGETED_DEVICE_FAMILY = "1,2";
			};
			name = Debug;
		};
		CF4D84062C37F71200D07701 /* Release */ = {
			isa = XCBuildConfiguration;
			baseConfigurationReference = 3D4BD98991E35AD34CFB6A1B /* Pods-TimesUp.release.xcconfig */;
			buildSettings = {
				ASSETCATALOG_COMPILER_APPICON_NAME = AppIcon;
				ASSETCATALOG_COMPILER_GLOBAL_ACCENT_COLOR_NAME = AccentColor;
				CODE_SIGN_STYLE = Automatic;
				CURRENT_PROJECT_VERSION = 1;
				DEVELOPMENT_ASSET_PATHS = "\"TimesUp/Preview Content\"";
				DEVELOPMENT_TEAM = 8883CLR38K;
				ENABLE_PREVIEWS = YES;
				GENERATE_INFOPLIST_FILE = YES;
				INFOPLIST_KEY_UIApplicationSceneManifest_Generation = YES;
				INFOPLIST_KEY_UIApplicationSupportsIndirectInputEvents = YES;
				INFOPLIST_KEY_UILaunchScreen_Generation = YES;
				INFOPLIST_KEY_UISupportedInterfaceOrientations_iPad = "UIInterfaceOrientationPortrait UIInterfaceOrientationPortraitUpsideDown UIInterfaceOrientationLandscapeLeft UIInterfaceOrientationLandscapeRight";
				INFOPLIST_KEY_UISupportedInterfaceOrientations_iPhone = "UIInterfaceOrientationPortrait UIInterfaceOrientationLandscapeLeft UIInterfaceOrientationLandscapeRight";
				LD_RUNPATH_SEARCH_PATHS = (
					"$(inherited)",
					"@executable_path/Frameworks",
				);
				MARKETING_VERSION = 1.0;
				PRODUCT_BUNDLE_IDENTIFIER = JasonBurg.TimesUp;
				PRODUCT_NAME = "$(TARGET_NAME)";
				SWIFT_EMIT_LOC_STRINGS = YES;
				SWIFT_VERSION = 5.0;
				TARGETED_DEVICE_FAMILY = "1,2";
			};
			name = Release;
		};
/* End XCBuildConfiguration section */

/* Begin XCConfigurationList section */
		CF4D83F12C37F71000D07701 /* Build configuration list for PBXProject "TimesUp" */ = {
			isa = XCConfigurationList;
			buildConfigurations = (
				CF4D84022C37F71200D07701 /* Debug */,
				CF4D84032C37F71200D07701 /* Release */,
			);
			defaultConfigurationIsVisible = 0;
			defaultConfigurationName = Release;
		};
		CF4D84042C37F71200D07701 /* Build configuration list for PBXNativeTarget "TimesUp" */ = {
			isa = XCConfigurationList;
			buildConfigurations = (
				CF4D84052C37F71200D07701 /* Debug */,
				CF4D84062C37F71200D07701 /* Release */,
			);
			defaultConfigurationIsVisible = 0;
			defaultConfigurationName = Release;
		};
/* End XCConfigurationList section */
	};
	rootObject = CF4D83EE2C37F71000D07701 /* Project object */;
}
